
Microsoft Visual Studio Solution File, Format Version 12.00
Project("{2150E333-8FDC-42A3-9474-1A3956D46DE8}") = "Server", "Server", "{F8C8B09E-1A0C-4B01-AB08-93B824520D4F}"
EndProject
Project("{FAE04EC0-301F-11D3-BF4B-00C04F79EFBC}") = "Entities", "Server\Entities\Entities.csproj", "{5D94CA71-01A7-4E85-BABA-AB80ACFAD513}"
EndProject
Project("{FAE04EC0-301F-11D3-BF4B-00C04F79EFBC}") = "RepositoryContracts", "Server\RepositoryContracts\RepositoryContracts.csproj", "{B389DE68-0B97-45F0-8735-D27693D8966C}"
EndProject
Project("{FAE04EC0-301F-11D3-BF4B-00C04F79EFBC}") = "InMemoryRepositories", "Server\InMemoryRepositories\InMemoryRepositories.csproj", "{AC5F5ED4-8573-4235-AA75-916CB27859A9}"
EndProject
Project("{FAE04EC0-301F-11D3-BF4B-00C04F79EFBC}") = "CLI", "Server\CLI\CLI.csproj", "{4F0F2EDF-7797-484C-B118-CE3273282BE2}"
EndProject
Project("{FAE04EC0-301F-11D3-BF4B-00C04F79EFBC}") = "FileRepositories", "Server\FileRepositories\FileRepositories.csproj", "{155F4CFF-3ADA-4055-BEF9-DDCE4FB2EA5D}"
EndProject
Project("{2150E333-8FDC-42A3-9474-1A3956D46DE8}") = "Shared", "Shared", "{527E91CB-1044-417D-B7DF-F0527409909D}"
EndProject
Project("{FAE04EC0-301F-11D3-BF4B-00C04F79EFBC}") = "ApiContracts_DTO", "Shared\ApiContracts_DTO\ApiContracts_DTO.csproj", "{6CDF866C-09BC-4E6C-A1EA-83A2A7D75EF0}"
EndProject
Project("{FAE04EC0-301F-11D3-BF4B-00C04F79EFBC}") = "WebApi", "Server\WebApi\WebApi.csproj", "{9095F5D2-682E-437E-AF92-B6D07F544FB1}"
EndProject
Global
	GlobalSection(SolutionConfigurationPlatforms) = preSolution
		Debug|Any CPU = Debug|Any CPU
		Release|Any CPU = Release|Any CPU
	EndGlobalSection
	GlobalSection(NestedProjects) = preSolution
		{5D94CA71-01A7-4E85-BABA-AB80ACFAD513} = {F8C8B09E-1A0C-4B01-AB08-93B824520D4F}
		{B389DE68-0B97-45F0-8735-D27693D8966C} = {F8C8B09E-1A0C-4B01-AB08-93B824520D4F}
		{AC5F5ED4-8573-4235-AA75-916CB27859A9} = {F8C8B09E-1A0C-4B01-AB08-93B824520D4F}
		{4F0F2EDF-7797-484C-B118-CE3273282BE2} = {F8C8B09E-1A0C-4B01-AB08-93B824520D4F}
		{155F4CFF-3ADA-4055-BEF9-DDCE4FB2EA5D} = {F8C8B09E-1A0C-4B01-AB08-93B824520D4F}
		{6CDF866C-09BC-4E6C-A1EA-83A2A7D75EF0} = {527E91CB-1044-417D-B7DF-F0527409909D}
		{9095F5D2-682E-437E-AF92-B6D07F544FB1} = {F8C8B09E-1A0C-4B01-AB08-93B824520D4F}
	EndGlobalSection
	GlobalSection(ProjectConfigurationPlatforms) = postSolution
		{5D94CA71-01A7-4E85-BABA-AB80ACFAD513}.Debug|Any CPU.ActiveCfg = Debug|Any CPU
		{5D94CA71-01A7-4E85-BABA-AB80ACFAD513}.Debug|Any CPU.Build.0 = Debug|Any CPU
		{5D94CA71-01A7-4E85-BABA-AB80ACFAD513}.Release|Any CPU.ActiveCfg = Release|Any CPU
		{5D94CA71-01A7-4E85-BABA-AB80ACFAD513}.Release|Any CPU.Build.0 = Release|Any CPU
		{B389DE68-0B97-45F0-8735-D27693D8966C}.Debug|Any CPU.ActiveCfg = Debug|Any CPU
		{B389DE68-0B97-45F0-8735-D27693D8966C}.Debug|Any CPU.Build.0 = Debug|Any CPU
		{B389DE68-0B97-45F0-8735-D27693D8966C}.Release|Any CPU.ActiveCfg = Release|Any CPU
		{B389DE68-0B97-45F0-8735-D27693D8966C}.Release|Any CPU.Build.0 = Release|Any CPU
		{AC5F5ED4-8573-4235-AA75-916CB27859A9}.Debug|Any CPU.ActiveCfg = Debug|Any CPU
		{AC5F5ED4-8573-4235-AA75-916CB27859A9}.Debug|Any CPU.Build.0 = Debug|Any CPU
		{AC5F5ED4-8573-4235-AA75-916CB27859A9}.Release|Any CPU.ActiveCfg = Release|Any CPU
		{AC5F5ED4-8573-4235-AA75-916CB27859A9}.Release|Any CPU.Build.0 = Release|Any CPU
		{4F0F2EDF-7797-484C-B118-CE3273282BE2}.Debug|Any CPU.ActiveCfg = Debug|Any CPU
		{4F0F2EDF-7797-484C-B118-CE3273282BE2}.Debug|Any CPU.Build.0 = Debug|Any CPU
		{4F0F2EDF-7797-484C-B118-CE3273282BE2}.Release|Any CPU.ActiveCfg = Release|Any CPU
		{4F0F2EDF-7797-484C-B118-CE3273282BE2}.Release|Any CPU.Build.0 = Release|Any CPU
		{155F4CFF-3ADA-4055-BEF9-DDCE4FB2EA5D}.Debug|Any CPU.ActiveCfg = Debug|Any CPU
		{155F4CFF-3ADA-4055-BEF9-DDCE4FB2EA5D}.Debug|Any CPU.Build.0 = Debug|Any CPU
		{155F4CFF-3ADA-4055-BEF9-DDCE4FB2EA5D}.Release|Any CPU.ActiveCfg = Release|Any CPU
		{155F4CFF-3ADA-4055-BEF9-DDCE4FB2EA5D}.Release|Any CPU.Build.0 = Release|Any CPU
		{6CDF866C-09BC-4E6C-A1EA-83A2A7D75EF0}.Debug|Any CPU.ActiveCfg = Debug|Any CPU
		{6CDF866C-09BC-4E6C-A1EA-83A2A7D75EF0}.Debug|Any CPU.Build.0 = Debug|Any CPU
		{6CDF866C-09BC-4E6C-A1EA-83A2A7D75EF0}.Release|Any CPU.ActiveCfg = Release|Any CPU
		{6CDF866C-09BC-4E6C-A1EA-83A2A7D75EF0}.Release|Any CPU.Build.0 = Release|Any CPU
		{9095F5D2-682E-437E-AF92-B6D07F544FB1}.Debug|Any CPU.ActiveCfg = Debug|Any CPU
		{9095F5D2-682E-437E-AF92-B6D07F544FB1}.Debug|Any CPU.Build.0 = Debug|Any CPU
		{9095F5D2-682E-437E-AF92-B6D07F544FB1}.Release|Any CPU.ActiveCfg = Release|Any CPU
		{9095F5D2-682E-437E-AF92-B6D07F544FB1}.Release|Any CPU.Build.0 = Release|Any CPU
	EndGlobalSection
EndGlobal
