
Microsoft Visual Studio Solution File, Format Version 12.00
Project("{2150E333-8FDC-42A3-9474-1A3956D46DE8}") = "Server", "Server", "{F8C8B09E-1A0C-4B01-AB08-93B824520D4F}"
EndProject
Project("{FAE04EC0-301F-11D3-BF4B-00C04F79EFBC}") = "Entities", "Server\Entities\Entities.csproj", "{5D94CA71-01A7-4E85-BABA-AB80ACFAD513}"
EndProject
Project("{FAE04EC0-301F-11D3-BF4B-00C04F79EFBC}") = "RepositoryContracts", "Server\RepositoryContracts\RepositoryContracts.csproj", "{B389DE68-0B97-45F0-8735-D27693D8966C}"
EndProject
Project("{FAE04EC0-301F-11D3-BF4B-00C04F79EFBC}") = "InMemoryRepositories", "Server\InMemoryRepositories\InMemoryRepositories.csproj", "{AC5F5ED4-8573-4235-AA75-916CB27859A9}"
EndProject
Global
	GlobalSection(SolutionConfigurationPlatforms) = preSolution
		Debug|Any CPU = Debug|Any CPU
		Release|Any CPU = Release|Any CPU
	EndGlobalSection
	GlobalSection(NestedProjects) = preSolution
		{5D94CA71-01A7-4E85-BABA-AB80ACFAD513} = {F8C8B09E-1A0C-4B01-AB08-93B824520D4F}
		{B389DE68-0B97-45F0-8735-D27693D8966C} = {F8C8B09E-1A0C-4B01-AB08-93B824520D4F}
		{AC5F5ED4-8573-4235-AA75-916CB27859A9} = {F8C8B09E-1A0C-4B01-AB08-93B824520D4F}
	EndGlobalSection
	GlobalSection(ProjectConfigurationPlatforms) = postSolution
		{5D94CA71-01A7-4E85-BABA-AB80ACFAD513}.Debug|Any CPU.ActiveCfg = Debug|Any CPU
		{5D94CA71-01A7-4E85-BABA-AB80ACFAD513}.Debug|Any CPU.Build.0 = Debug|Any CPU
		{5D94CA71-01A7-4E85-BABA-AB80ACFAD513}.Release|Any CPU.ActiveCfg = Release|Any CPU
		{5D94CA71-01A7-4E85-BABA-AB80ACFAD513}.Release|Any CPU.Build.0 = Release|Any CPU
		{B389DE68-0B97-45F0-8735-D27693D8966C}.Debug|Any CPU.ActiveCfg = Debug|Any CPU
		{B389DE68-0B97-45F0-8735-D27693D8966C}.Debug|Any CPU.Build.0 = Debug|Any CPU
		{B389DE68-0B97-45F0-8735-D27693D8966C}.Release|Any CPU.ActiveCfg = Release|Any CPU
		{B389DE68-0B97-45F0-8735-D27693D8966C}.Release|Any CPU.Build.0 = Release|Any CPU
		{AC5F5ED4-8573-4235-AA75-916CB27859A9}.Debug|Any CPU.ActiveCfg = Debug|Any CPU
		{AC5F5ED4-8573-4235-AA75-916CB27859A9}.Debug|Any CPU.Build.0 = Debug|Any CPU
		{AC5F5ED4-8573-4235-AA75-916CB27859A9}.Release|Any CPU.ActiveCfg = Release|Any CPU
		{AC5F5ED4-8573-4235-AA75-916CB27859A9}.Release|Any CPU.Build.0 = Release|Any CPU
	EndGlobalSection
EndGlobal
